
Microsoft Visual Studio Solution File, Format Version 12.00
# Visual Studio Version 16
VisualStudioVersion = 16.0.808.9
MinimumVisualStudioVersion = 10.0.40219.1
Project("{FAE04EC0-301F-11D3-BF4B-00C04F79EFBC}") = "SyntaxSugarExercise", "SyntaxSugarExercise\SyntaxSugarExercise.csproj", "{ED4E49F7-7999-463F-8869-2B04F4AC5AFC}"
EndProject
Global
	GlobalSection(SolutionConfigurationPlatforms) = preSolution
		Debug|anycpu = Debug|anycpu
		Release|anycpu = Release|anycpu
	EndGlobalSection
	GlobalSection(ProjectConfigurationPlatforms) = postSolution
		{ED4E49F7-7999-463F-8869-2B04F4AC5AFC}.Debug|anycpu.ActiveCfg = Debug|anycpu
		{ED4E49F7-7999-463F-8869-2B04F4AC5AFC}.Debug|anycpu.Build.0 = Debug|anycpu
		{ED4E49F7-7999-463F-8869-2B04F4AC5AFC}.Release|anycpu.ActiveCfg = Release|anycpu
		{ED4E49F7-7999-463F-8869-2B04F4AC5AFC}.Release|anycpu.Build.0 = Release|anycpu
	EndGlobalSection
	GlobalSection(SolutionProperties) = preSolution
		HideSolutionNode = FALSE
	EndGlobalSection
	GlobalSection(ExtensibilityGlobals) = postSolution
		SolutionGuid = {8CC340A2-5BEA-4AFE-A37C-E1CF9CDC2F27}
	EndGlobalSection
EndGlobal
